// !$*UTF8*$!
{
	archiveVersion = 1;
	classes = {
	};
	objectVersion = 55;
	objects = {

/* Begin PBXBuildFile section */
		4936480B28B16659008B3A31 /* GroupPresentationImageView.swift in Sources */ = {isa = PBXBuildFile; fileRef = 4936480A28B16659008B3A31 /* GroupPresentationImageView.swift */; };
		496BAB87287E2375002D3FC5 /* SwiftUI_vkApp.swift in Sources */ = {isa = PBXBuildFile; fileRef = 496BAB86287E2375002D3FC5 /* SwiftUI_vkApp.swift */; };
		496BAB8B287E2377002D3FC5 /* Assets.xcassets in Resources */ = {isa = PBXBuildFile; fileRef = 496BAB8A287E2377002D3FC5 /* Assets.xcassets */; };
		496BAB8E287E2377002D3FC5 /* Preview Assets.xcassets in Resources */ = {isa = PBXBuildFile; fileRef = 496BAB8D287E2377002D3FC5 /* Preview Assets.xcassets */; };
		496C226428A9884D001B8615 /* AvatarImageView.swift in Sources */ = {isa = PBXBuildFile; fileRef = 496C226328A9884D001B8615 /* AvatarImageView.swift */; };
		496C226A28A989B5001B8615 /* CircleShadowViewModifier.swift in Sources */ = {isa = PBXBuildFile; fileRef = 496C226928A989B5001B8615 /* CircleShadowViewModifier.swift */; };
		49E6883928A30AA7002485E6 /* LoginView.swift in Sources */ = {isa = PBXBuildFile; fileRef = 49E6883828A30AA7002485E6 /* LoginView.swift */; };
		49E6883E28A30B94002485E6 /* FriendsView.swift in Sources */ = {isa = PBXBuildFile; fileRef = 49E6883D28A30B94002485E6 /* FriendsView.swift */; };
		49E6884428A30CD7002485E6 /* FriendViewModel.swift in Sources */ = {isa = PBXBuildFile; fileRef = 49E6884328A30CD7002485E6 /* FriendViewModel.swift */; };
		49E6884628A30CFA002485E6 /* FriendModel.swift in Sources */ = {isa = PBXBuildFile; fileRef = 49E6884528A30CFA002485E6 /* FriendModel.swift */; };
		49E6884A28A30D69002485E6 /* FriendDetailView.swift in Sources */ = {isa = PBXBuildFile; fileRef = 49E6884928A30D69002485E6 /* FriendDetailView.swift */; };
		49FCD99228A4606B007E19AB /* GroupViewModel.swift in Sources */ = {isa = PBXBuildFile; fileRef = 49FCD99128A4606B007E19AB /* GroupViewModel.swift */; };
		49FCD99528A46087007E19AB /* GroupModel.swift in Sources */ = {isa = PBXBuildFile; fileRef = 49FCD99428A46087007E19AB /* GroupModel.swift */; };
		49FCD99A28A460F1007E19AB /* GroupsView.swift in Sources */ = {isa = PBXBuildFile; fileRef = 49FCD99928A460F1007E19AB /* GroupsView.swift */; };
/* End PBXBuildFile section */

/* Begin PBXFileReference section */
		4936480A28B16659008B3A31 /* GroupPresentationImageView.swift */ = {isa = PBXFileReference; lastKnownFileType = sourcecode.swift; path = GroupPresentationImageView.swift; sourceTree = "<group>"; };
		496BAB83287E2375002D3FC5 /* SwiftUI-vk.app */ = {isa = PBXFileReference; explicitFileType = wrapper.application; includeInIndex = 0; path = "SwiftUI-vk.app"; sourceTree = BUILT_PRODUCTS_DIR; };
		496BAB86287E2375002D3FC5 /* SwiftUI_vkApp.swift */ = {isa = PBXFileReference; lastKnownFileType = sourcecode.swift; path = SwiftUI_vkApp.swift; sourceTree = "<group>"; };
		496BAB8A287E2377002D3FC5 /* Assets.xcassets */ = {isa = PBXFileReference; lastKnownFileType = folder.assetcatalog; path = Assets.xcassets; sourceTree = "<group>"; };
		496BAB8D287E2377002D3FC5 /* Preview Assets.xcassets */ = {isa = PBXFileReference; lastKnownFileType = folder.assetcatalog; path = "Preview Assets.xcassets"; sourceTree = "<group>"; };
		496C226328A9884D001B8615 /* AvatarImageView.swift */ = {isa = PBXFileReference; lastKnownFileType = sourcecode.swift; path = AvatarImageView.swift; sourceTree = "<group>"; };
		496C226928A989B5001B8615 /* CircleShadowViewModifier.swift */ = {isa = PBXFileReference; lastKnownFileType = sourcecode.swift; path = CircleShadowViewModifier.swift; sourceTree = "<group>"; };
		49E6883828A30AA7002485E6 /* LoginView.swift */ = {isa = PBXFileReference; lastKnownFileType = sourcecode.swift; path = LoginView.swift; sourceTree = "<group>"; };
		49E6883D28A30B94002485E6 /* FriendsView.swift */ = {isa = PBXFileReference; lastKnownFileType = sourcecode.swift; path = FriendsView.swift; sourceTree = "<group>"; };
		49E6884328A30CD7002485E6 /* FriendViewModel.swift */ = {isa = PBXFileReference; lastKnownFileType = sourcecode.swift; path = FriendViewModel.swift; sourceTree = "<group>"; };
		49E6884528A30CFA002485E6 /* FriendModel.swift */ = {isa = PBXFileReference; lastKnownFileType = sourcecode.swift; path = FriendModel.swift; sourceTree = "<group>"; };
		49E6884928A30D69002485E6 /* FriendDetailView.swift */ = {isa = PBXFileReference; lastKnownFileType = sourcecode.swift; path = FriendDetailView.swift; sourceTree = "<group>"; };
		49FCD99128A4606B007E19AB /* GroupViewModel.swift */ = {isa = PBXFileReference; lastKnownFileType = sourcecode.swift; path = GroupViewModel.swift; sourceTree = "<group>"; };
		49FCD99428A46087007E19AB /* GroupModel.swift */ = {isa = PBXFileReference; lastKnownFileType = sourcecode.swift; path = GroupModel.swift; sourceTree = "<group>"; };
		49FCD99928A460F1007E19AB /* GroupsView.swift */ = {isa = PBXFileReference; lastKnownFileType = sourcecode.swift; path = GroupsView.swift; sourceTree = "<group>"; };
/* End PBXFileReference section */

/* Begin PBXFrameworksBuildPhase section */
		496BAB80287E2375002D3FC5 /* Frameworks */ = {
			isa = PBXFrameworksBuildPhase;
			buildActionMask = 2147483647;
			files = (
			);
			runOnlyForDeploymentPostprocessing = 0;
		};
/* End PBXFrameworksBuildPhase section */

/* Begin PBXGroup section */
		4936480928B16625008B3A31 /* Cell */ = {
			isa = PBXGroup;
			children = (
				49FCD99928A460F1007E19AB /* GroupsView.swift */,
			);
			path = Cell;
			sourceTree = "<group>";
		};
		496BAB7A287E2375002D3FC5 = {
			isa = PBXGroup;
			children = (
				496BAB85287E2375002D3FC5 /* SwiftUI-vk */,
				496BAB84287E2375002D3FC5 /* Products */,
			);
			sourceTree = "<group>";
		};
		496BAB84287E2375002D3FC5 /* Products */ = {
			isa = PBXGroup;
			children = (
				496BAB83287E2375002D3FC5 /* SwiftUI-vk.app */,
			);
			name = Products;
			sourceTree = "<group>";
		};
		496BAB85287E2375002D3FC5 /* SwiftUI-vk */ = {
			isa = PBXGroup;
			children = (
				496C226828A98998001B8615 /* Modifiers */,
				496BAB86287E2375002D3FC5 /* SwiftUI_vkApp.swift */,
				49E6883A28A30ACF002485E6 /* Login */,
				49E6883C28A30AFE002485E6 /* Groups */,
				49E6883B28A30AF4002485E6 /* Friends */,
				49E6883728A30947002485E6 /* TabBar */,
				496BAB8A287E2377002D3FC5 /* Assets.xcassets */,
				496BAB8C287E2377002D3FC5 /* Preview Content */,
			);
			path = "SwiftUI-vk";
			sourceTree = "<group>";
		};
		496BAB8C287E2377002D3FC5 /* Preview Content */ = {
			isa = PBXGroup;
			children = (
				496BAB8D287E2377002D3FC5 /* Preview Assets.xcassets */,
			);
			path = "Preview Content";
			sourceTree = "<group>";
		};
		496C226828A98998001B8615 /* Modifiers */ = {
			isa = PBXGroup;
			children = (
				496C226928A989B5001B8615 /* CircleShadowViewModifier.swift */,
			);
			path = Modifiers;
			sourceTree = "<group>";
		};
		49E6883728A30947002485E6 /* TabBar */ = {
			isa = PBXGroup;
			children = (
			);
			path = TabBar;
			sourceTree = "<group>";
		};
		49E6883A28A30ACF002485E6 /* Login */ = {
			isa = PBXGroup;
			children = (
				49E6883828A30AA7002485E6 /* LoginView.swift */,
			);
			path = Login;
			sourceTree = "<group>";
		};
		49E6883B28A30AF4002485E6 /* Friends */ = {
			isa = PBXGroup;
			children = (
				49E6883F28A30BE0002485E6 /* ViewModel */,
				49E6884228A30C4A002485E6 /* Model */,
				49E6884728A30D0E002485E6 /* View */,
			);
			path = Friends;
			sourceTree = "<group>";
		};
		49E6883C28A30AFE002485E6 /* Groups */ = {
			isa = PBXGroup;
			children = (
				49FCD99028A4603D007E19AB /* ViewModel */,
				49FCD99328A46073007E19AB /* Model */,
				49FCD99628A4609C007E19AB /* View */,
			);
			path = Groups;
			sourceTree = "<group>";
		};
		49E6883F28A30BE0002485E6 /* ViewModel */ = {
			isa = PBXGroup;
			children = (
				49E6884328A30CD7002485E6 /* FriendViewModel.swift */,
			);
			path = ViewModel;
			sourceTree = "<group>";
		};
		49E6884228A30C4A002485E6 /* Model */ = {
			isa = PBXGroup;
			children = (
				49E6884528A30CFA002485E6 /* FriendModel.swift */,
			);
			path = Model;
			sourceTree = "<group>";
		};
		49E6884728A30D0E002485E6 /* View */ = {
			isa = PBXGroup;
			children = (
				496C226328A9884D001B8615 /* AvatarImageView.swift */,
				49E6884828A30D2A002485E6 /* Cell */,
			);
			path = View;
			sourceTree = "<group>";
		};
		49E6884828A30D2A002485E6 /* Cell */ = {
			isa = PBXGroup;
			children = (
				49E6883D28A30B94002485E6 /* FriendsView.swift */,
				49E6884928A30D69002485E6 /* FriendDetailView.swift */,
			);
			path = Cell;
			sourceTree = "<group>";
		};
		49FCD99028A4603D007E19AB /* ViewModel */ = {
			isa = PBXGroup;
			children = (
				49FCD99128A4606B007E19AB /* GroupViewModel.swift */,
			);
			path = ViewModel;
			sourceTree = "<group>";
		};
		49FCD99328A46073007E19AB /* Model */ = {
			isa = PBXGroup;
			children = (
				49FCD99428A46087007E19AB /* GroupModel.swift */,
			);
			path = Model;
			sourceTree = "<group>";
		};
		49FCD99628A4609C007E19AB /* View */ = {
			isa = PBXGroup;
			children = (
				4936480928B16625008B3A31 /* Cell */,
				4936480A28B16659008B3A31 /* GroupPresentationImageView.swift */,
			);
			path = View;
			sourceTree = "<group>";
		};
/* End PBXGroup section */

/* Begin PBXNativeTarget section */
		496BAB82287E2375002D3FC5 /* SwiftUI-vk */ = {
			isa = PBXNativeTarget;
			buildConfigurationList = 496BAB91287E2377002D3FC5 /* Build configuration list for PBXNativeTarget "SwiftUI-vk" */;
			buildPhases = (
				496BAB7F287E2375002D3FC5 /* Sources */,
				496BAB80287E2375002D3FC5 /* Frameworks */,
				496BAB81287E2375002D3FC5 /* Resources */,
			);
			buildRules = (
			);
			dependencies = (
			);
			name = "SwiftUI-vk";
			productName = "SwiftUI-vk";
			productReference = 496BAB83287E2375002D3FC5 /* SwiftUI-vk.app */;
			productType = "com.apple.product-type.application";
		};
/* End PBXNativeTarget section */

/* Begin PBXProject section */
		496BAB7B287E2375002D3FC5 /* Project object */ = {
			isa = PBXProject;
			attributes = {
				BuildIndependentTargetsInParallel = 1;
				LastSwiftUpdateCheck = 1340;
				LastUpgradeCheck = 1340;
				TargetAttributes = {
					496BAB82287E2375002D3FC5 = {
						CreatedOnToolsVersion = 13.4;
					};
				};
			};
			buildConfigurationList = 496BAB7E287E2375002D3FC5 /* Build configuration list for PBXProject "SwiftUI-vk" */;
			compatibilityVersion = "Xcode 13.0";
			developmentRegion = en;
			hasScannedForEncodings = 0;
			knownRegions = (
				en,
				Base,
			);
			mainGroup = 496BAB7A287E2375002D3FC5;
			productRefGroup = 496BAB84287E2375002D3FC5 /* Products */;
			projectDirPath = "";
			projectRoot = "";
			targets = (
				496BAB82287E2375002D3FC5 /* SwiftUI-vk */,
			);
		};
/* End PBXProject section */

/* Begin PBXResourcesBuildPhase section */
		496BAB81287E2375002D3FC5 /* Resources */ = {
			isa = PBXResourcesBuildPhase;
			buildActionMask = 2147483647;
			files = (
				496BAB8E287E2377002D3FC5 /* Preview Assets.xcassets in Resources */,
				496BAB8B287E2377002D3FC5 /* Assets.xcassets in Resources */,
			);
			runOnlyForDeploymentPostprocessing = 0;
		};
/* End PBXResourcesBuildPhase section */

/* Begin PBXSourcesBuildPhase section */
		496BAB7F287E2375002D3FC5 /* Sources */ = {
			isa = PBXSourcesBuildPhase;
			buildActionMask = 2147483647;
			files = (
				49FCD99A28A460F1007E19AB /* GroupsView.swift in Sources */,
				496C226428A9884D001B8615 /* AvatarImageView.swift in Sources */,
				49E6884628A30CFA002485E6 /* FriendModel.swift in Sources */,
				49FCD99528A46087007E19AB /* GroupModel.swift in Sources */,
				4936480B28B16659008B3A31 /* GroupPresentationImageView.swift in Sources */,
				49FCD99228A4606B007E19AB /* GroupViewModel.swift in Sources */,
				496C226A28A989B5001B8615 /* CircleShadowViewModifier.swift in Sources */,
				49E6884428A30CD7002485E6 /* FriendViewModel.swift in Sources */,
				49E6883E28A30B94002485E6 /* FriendsView.swift in Sources */,
				49E6884A28A30D69002485E6 /* FriendDetailView.swift in Sources */,
				496BAB87287E2375002D3FC5 /* SwiftUI_vkApp.swift in Sources */,
				49E6883928A30AA7002485E6 /* LoginView.swift in Sources */,
			);
			runOnlyForDeploymentPostprocessing = 0;
		};
/* End PBXSourcesBuildPhase section */

/* Begin XCBuildConfiguration section */
		496BAB8F287E2377002D3FC5 /* Debug */ = {
			isa = XCBuildConfiguration;
			buildSettings = {
				ALWAYS_SEARCH_USER_PATHS = NO;
				CLANG_ANALYZER_NONNULL = YES;
				CLANG_ANALYZER_NUMBER_OBJECT_CONVERSION = YES_AGGRESSIVE;
				CLANG_CXX_LANGUAGE_STANDARD = "gnu++17";
				CLANG_ENABLE_MODULES = YES;
				CLANG_ENABLE_OBJC_ARC = YES;
				CLANG_ENABLE_OBJC_WEAK = YES;
				CLANG_WARN_BLOCK_CAPTURE_AUTORELEASING = YES;
				CLANG_WARN_BOOL_CONVERSION = YES;
				CLANG_WARN_COMMA = YES;
				CLANG_WARN_CONSTANT_CONVERSION = YES;
				CLANG_WARN_DEPRECATED_OBJC_IMPLEMENTATIONS = YES;
				CLANG_WARN_DIRECT_OBJC_ISA_USAGE = YES_ERROR;
				CLANG_WARN_DOCUMENTATION_COMMENTS = YES;
				CLANG_WARN_EMPTY_BODY = YES;
				CLANG_WARN_ENUM_CONVERSION = YES;
				CLANG_WARN_INFINITE_RECURSION = YES;
				CLANG_WARN_INT_CONVERSION = YES;
				CLANG_WARN_NON_LITERAL_NULL_CONVERSION = YES;
				CLANG_WARN_OBJC_IMPLICIT_RETAIN_SELF = YES;
				CLANG_WARN_OBJC_LITERAL_CONVERSION = YES;
				CLANG_WARN_OBJC_ROOT_CLASS = YES_ERROR;
				CLANG_WARN_QUOTED_INCLUDE_IN_FRAMEWORK_HEADER = YES;
				CLANG_WARN_RANGE_LOOP_ANALYSIS = YES;
				CLANG_WARN_STRICT_PROTOTYPES = YES;
				CLANG_WARN_SUSPICIOUS_MOVE = YES;
				CLANG_WARN_UNGUARDED_AVAILABILITY = YES_AGGRESSIVE;
				CLANG_WARN_UNREACHABLE_CODE = YES;
				CLANG_WARN__DUPLICATE_METHOD_MATCH = YES;
				COPY_PHASE_STRIP = NO;
				DEBUG_INFORMATION_FORMAT = dwarf;
				ENABLE_STRICT_OBJC_MSGSEND = YES;
				ENABLE_TESTABILITY = YES;
				GCC_C_LANGUAGE_STANDARD = gnu11;
				GCC_DYNAMIC_NO_PIC = NO;
				GCC_NO_COMMON_BLOCKS = YES;
				GCC_OPTIMIZATION_LEVEL = 0;
				GCC_PREPROCESSOR_DEFINITIONS = (
					"DEBUG=1",
					"$(inherited)",
				);
				GCC_WARN_64_TO_32_BIT_CONVERSION = YES;
				GCC_WARN_ABOUT_RETURN_TYPE = YES_ERROR;
				GCC_WARN_UNDECLARED_SELECTOR = YES;
				GCC_WARN_UNINITIALIZED_AUTOS = YES_AGGRESSIVE;
				GCC_WARN_UNUSED_FUNCTION = YES;
				GCC_WARN_UNUSED_VARIABLE = YES;
				IPHONEOS_DEPLOYMENT_TARGET = 15.5;
				MTL_ENABLE_DEBUG_INFO = INCLUDE_SOURCE;
				MTL_FAST_MATH = YES;
				ONLY_ACTIVE_ARCH = YES;
				SDKROOT = iphoneos;
				SWIFT_ACTIVE_COMPILATION_CONDITIONS = DEBUG;
				SWIFT_OPTIMIZATION_LEVEL = "-Onone";
			};
			name = Debug;
		};
		496BAB90287E2377002D3FC5 /* Release */ = {
			isa = XCBuildConfiguration;
			buildSettings = {
				ALWAYS_SEARCH_USER_PATHS = NO;
				CLANG_ANALYZER_NONNULL = YES;
				CLANG_ANALYZER_NUMBER_OBJECT_CONVERSION = YES_AGGRESSIVE;
				CLANG_CXX_LANGUAGE_STANDARD = "gnu++17";
				CLANG_ENABLE_MODULES = YES;
				CLANG_ENABLE_OBJC_ARC = YES;
				CLANG_ENABLE_OBJC_WEAK = YES;
				CLANG_WARN_BLOCK_CAPTURE_AUTORELEASING = YES;
				CLANG_WARN_BOOL_CONVERSION = YES;
				CLANG_WARN_COMMA = YES;
				CLANG_WARN_CONSTANT_CONVERSION = YES;
				CLANG_WARN_DEPRECATED_OBJC_IMPLEMENTATIONS = YES;
				CLANG_WARN_DIRECT_OBJC_ISA_USAGE = YES_ERROR;
				CLANG_WARN_DOCUMENTATION_COMMENTS = YES;
				CLANG_WARN_EMPTY_BODY = YES;
				CLANG_WARN_ENUM_CONVERSION = YES;
				CLANG_WARN_INFINITE_RECURSION = YES;
				CLANG_WARN_INT_CONVERSION = YES;
				CLANG_WARN_NON_LITERAL_NULL_CONVERSION = YES;
				CLANG_WARN_OBJC_IMPLICIT_RETAIN_SELF = YES;
				CLANG_WARN_OBJC_LITERAL_CONVERSION = YES;
				CLANG_WARN_OBJC_ROOT_CLASS = YES_ERROR;
				CLANG_WARN_QUOTED_INCLUDE_IN_FRAMEWORK_HEADER = YES;
				CLANG_WARN_RANGE_LOOP_ANALYSIS = YES;
				CLANG_WARN_STRICT_PROTOTYPES = YES;
				CLANG_WARN_SUSPICIOUS_MOVE = YES;
				CLANG_WARN_UNGUARDED_AVAILABILITY = YES_AGGRESSIVE;
				CLANG_WARN_UNREACHABLE_CODE = YES;
				CLANG_WARN__DUPLICATE_METHOD_MATCH = YES;
				COPY_PHASE_STRIP = NO;
				DEBUG_INFORMATION_FORMAT = "dwarf-with-dsym";
				ENABLE_NS_ASSERTIONS = NO;
				ENABLE_STRICT_OBJC_MSGSEND = YES;
				GCC_C_LANGUAGE_STANDARD = gnu11;
				GCC_NO_COMMON_BLOCKS = YES;
				GCC_WARN_64_TO_32_BIT_CONVERSION = YES;
				GCC_WARN_ABOUT_RETURN_TYPE = YES_ERROR;
				GCC_WARN_UNDECLARED_SELECTOR = YES;
				GCC_WARN_UNINITIALIZED_AUTOS = YES_AGGRESSIVE;
				GCC_WARN_UNUSED_FUNCTION = YES;
				GCC_WARN_UNUSED_VARIABLE = YES;
				IPHONEOS_DEPLOYMENT_TARGET = 15.5;
				MTL_ENABLE_DEBUG_INFO = NO;
				MTL_FAST_MATH = YES;
				SDKROOT = iphoneos;
				SWIFT_COMPILATION_MODE = wholemodule;
				SWIFT_OPTIMIZATION_LEVEL = "-O";
				VALIDATE_PRODUCT = YES;
			};
			name = Release;
		};
		496BAB92287E2377002D3FC5 /* Debug */ = {
			isa = XCBuildConfiguration;
			buildSettings = {
				ASSETCATALOG_COMPILER_APPICON_NAME = AppIcon;
				ASSETCATALOG_COMPILER_GLOBAL_ACCENT_COLOR_NAME = AccentColor;
				CODE_SIGN_STYLE = Automatic;
				CURRENT_PROJECT_VERSION = 1;
				DEVELOPMENT_ASSET_PATHS = "\"SwiftUI-vk/Preview Content\"";
				DEVELOPMENT_TEAM = 3S7SHQ8TWM;
				ENABLE_PREVIEWS = YES;
				GENERATE_INFOPLIST_FILE = YES;
				INFOPLIST_KEY_UIApplicationSceneManifest_Generation = YES;
				INFOPLIST_KEY_UIApplicationSupportsIndirectInputEvents = YES;
				INFOPLIST_KEY_UILaunchScreen_Generation = YES;
				INFOPLIST_KEY_UISupportedInterfaceOrientations_iPad = "UIInterfaceOrientationPortrait UIInterfaceOrientationPortraitUpsideDown UIInterfaceOrientationLandscapeLeft UIInterfaceOrientationLandscapeRight";
				INFOPLIST_KEY_UISupportedInterfaceOrientations_iPhone = "UIInterfaceOrientationPortrait UIInterfaceOrientationLandscapeLeft UIInterfaceOrientationLandscapeRight";
				LD_RUNPATH_SEARCH_PATHS = (
					"$(inherited)",
					"@executable_path/Frameworks",
				);
				MARKETING_VERSION = 1.0;
				PRODUCT_BUNDLE_IDENTIFIER = "studies.SwiftUI-vk";
				PRODUCT_NAME = "$(TARGET_NAME)";
				SWIFT_EMIT_LOC_STRINGS = YES;
				SWIFT_VERSION = 5.0;
				TARGETED_DEVICE_FAMILY = "1,2";
			};
			name = Debug;
		};
		496BAB93287E2377002D3FC5 /* Release */ = {
			isa = XCBuildConfiguration;
			buildSettings = {
				ASSETCATALOG_COMPILER_APPICON_NAME = AppIcon;
				ASSETCATALOG_COMPILER_GLOBAL_ACCENT_COLOR_NAME = AccentColor;
				CODE_SIGN_STYLE = Automatic;
				CURRENT_PROJECT_VERSION = 1;
				DEVELOPMENT_ASSET_PATHS = "\"SwiftUI-vk/Preview Content\"";
				DEVELOPMENT_TEAM = 3S7SHQ8TWM;
				ENABLE_PREVIEWS = YES;
				GENERATE_INFOPLIST_FILE = YES;
				INFOPLIST_KEY_UIApplicationSceneManifest_Generation = YES;
				INFOPLIST_KEY_UIApplicationSupportsIndirectInputEvents = YES;
				INFOPLIST_KEY_UILaunchScreen_Generation = YES;
				INFOPLIST_KEY_UISupportedInterfaceOrientations_iPad = "UIInterfaceOrientationPortrait UIInterfaceOrientationPortraitUpsideDown UIInterfaceOrientationLandscapeLeft UIInterfaceOrientationLandscapeRight";
				INFOPLIST_KEY_UISupportedInterfaceOrientations_iPhone = "UIInterfaceOrientationPortrait UIInterfaceOrientationLandscapeLeft UIInterfaceOrientationLandscapeRight";
				LD_RUNPATH_SEARCH_PATHS = (
					"$(inherited)",
					"@executable_path/Frameworks",
				);
				MARKETING_VERSION = 1.0;
				PRODUCT_BUNDLE_IDENTIFIER = "studies.SwiftUI-vk";
				PRODUCT_NAME = "$(TARGET_NAME)";
				SWIFT_EMIT_LOC_STRINGS = YES;
				SWIFT_VERSION = 5.0;
				TARGETED_DEVICE_FAMILY = "1,2";
			};
			name = Release;
		};
/* End XCBuildConfiguration section */

/* Begin XCConfigurationList section */
		496BAB7E287E2375002D3FC5 /* Build configuration list for PBXProject "SwiftUI-vk" */ = {
			isa = XCConfigurationList;
			buildConfigurations = (
				496BAB8F287E2377002D3FC5 /* Debug */,
				496BAB90287E2377002D3FC5 /* Release */,
			);
			defaultConfigurationIsVisible = 0;
			defaultConfigurationName = Release;
		};
		496BAB91287E2377002D3FC5 /* Build configuration list for PBXNativeTarget "SwiftUI-vk" */ = {
			isa = XCConfigurationList;
			buildConfigurations = (
				496BAB92287E2377002D3FC5 /* Debug */,
				496BAB93287E2377002D3FC5 /* Release */,
			);
			defaultConfigurationIsVisible = 0;
			defaultConfigurationName = Release;
		};
/* End XCConfigurationList section */
	};
	rootObject = 496BAB7B287E2375002D3FC5 /* Project object */;
}
